// !$*UTF8*$!
{
	archiveVersion = 1;
	classes = {
	};
	objectVersion = 55;
	objects = {

/* Begin PBXBuildFile section */
		DE4C5F5127CFA6320026F434 /* FindCoronaCenterApp.swift in Sources */ = {isa = PBXBuildFile; fileRef = DE4C5F5027CFA6320026F434 /* FindCoronaCenterApp.swift */; };
		DE4C5F5327CFA6320026F434 /* ContentView.swift in Sources */ = {isa = PBXBuildFile; fileRef = DE4C5F5227CFA6320026F434 /* ContentView.swift */; };
		DE4C5F5527CFA6340026F434 /* Assets.xcassets in Resources */ = {isa = PBXBuildFile; fileRef = DE4C5F5427CFA6340026F434 /* Assets.xcassets */; };
		DE4C5F5827CFA6340026F434 /* Preview Assets.xcassets in Resources */ = {isa = PBXBuildFile; fileRef = DE4C5F5727CFA6340026F434 /* Preview Assets.xcassets */; };
		DE4C5F6027CFA66E0026F434 /* CenterAPIResponse.swift in Sources */ = {isa = PBXBuildFile; fileRef = DE4C5F5F27CFA66E0026F434 /* CenterAPIResponse.swift */; };
		DE4C5F6227CFA68A0026F434 /* Center.swift in Sources */ = {isa = PBXBuildFile; fileRef = DE4C5F6127CFA68A0026F434 /* Center.swift */; };
		DE4C5F6427CFA8280026F434 /* CenterAPI.swift in Sources */ = {isa = PBXBuildFile; fileRef = DE4C5F6327CFA8280026F434 /* CenterAPI.swift */; };
		DE4C5F6727CFA9740026F434 /* CenterNetwork.swift in Sources */ = {isa = PBXBuildFile; fileRef = DE4C5F6627CFA9740026F434 /* CenterNetwork.swift */; };
		DE4C5F6927CFAC8B0026F434 /* SelectRegionView.swift in Sources */ = {isa = PBXBuildFile; fileRef = DE4C5F6827CFAC8B0026F434 /* SelectRegionView.swift */; };
		DE4C5F6B27CFAC960026F434 /* SelectRegionViewModel.swift in Sources */ = {isa = PBXBuildFile; fileRef = DE4C5F6A27CFAC960026F434 /* SelectRegionViewModel.swift */; };
		DE4C5F6E27CFAE1E0026F434 /* SelectRegionItem.swift in Sources */ = {isa = PBXBuildFile; fileRef = DE4C5F6D27CFAE1E0026F434 /* SelectRegionItem.swift */; };
		DE4C5F7027CFB10C0026F434 /* CenterRow.swift in Sources */ = {isa = PBXBuildFile; fileRef = DE4C5F6F27CFB10C0026F434 /* CenterRow.swift */; };
		DE4C5F7227CFB2C30026F434 /* CenterList.swift in Sources */ = {isa = PBXBuildFile; fileRef = DE4C5F7127CFB2C30026F434 /* CenterList.swift */; };
		DE4C5F7727CFB5D20026F434 /* MapView.swift in Sources */ = {isa = PBXBuildFile; fileRef = DE4C5F7627CFB5D20026F434 /* MapView.swift */; };
		DE52218227CFBA8100ADDB16 /* CenterDetailView.swift in Sources */ = {isa = PBXBuildFile; fileRef = DE52218127CFBA8100ADDB16 /* CenterDetailView.swift */; };
/* End PBXBuildFile section */

/* Begin PBXFileReference section */
		DE4C5F4D27CFA6320026F434 /* FindCoronaCenter.app */ = {isa = PBXFileReference; explicitFileType = wrapper.application; includeInIndex = 0; path = FindCoronaCenter.app; sourceTree = BUILT_PRODUCTS_DIR; };
		DE4C5F5027CFA6320026F434 /* FindCoronaCenterApp.swift */ = {isa = PBXFileReference; lastKnownFileType = sourcecode.swift; path = FindCoronaCenterApp.swift; sourceTree = "<group>"; };
		DE4C5F5227CFA6320026F434 /* ContentView.swift */ = {isa = PBXFileReference; lastKnownFileType = sourcecode.swift; path = ContentView.swift; sourceTree = "<group>"; };
		DE4C5F5427CFA6340026F434 /* Assets.xcassets */ = {isa = PBXFileReference; lastKnownFileType = folder.assetcatalog; path = Assets.xcassets; sourceTree = "<group>"; };
		DE4C5F5727CFA6340026F434 /* Preview Assets.xcassets */ = {isa = PBXFileReference; lastKnownFileType = folder.assetcatalog; path = "Preview Assets.xcassets"; sourceTree = "<group>"; };
		DE4C5F5F27CFA66E0026F434 /* CenterAPIResponse.swift */ = {isa = PBXFileReference; lastKnownFileType = sourcecode.swift; path = CenterAPIResponse.swift; sourceTree = "<group>"; };
		DE4C5F6127CFA68A0026F434 /* Center.swift */ = {isa = PBXFileReference; lastKnownFileType = sourcecode.swift; path = Center.swift; sourceTree = "<group>"; };
		DE4C5F6327CFA8280026F434 /* CenterAPI.swift */ = {isa = PBXFileReference; lastKnownFileType = sourcecode.swift; path = CenterAPI.swift; sourceTree = "<group>"; };
		DE4C5F6627CFA9740026F434 /* CenterNetwork.swift */ = {isa = PBXFileReference; lastKnownFileType = sourcecode.swift; path = CenterNetwork.swift; sourceTree = "<group>"; };
		DE4C5F6827CFAC8B0026F434 /* SelectRegionView.swift */ = {isa = PBXFileReference; lastKnownFileType = sourcecode.swift; path = SelectRegionView.swift; sourceTree = "<group>"; };
		DE4C5F6A27CFAC960026F434 /* SelectRegionViewModel.swift */ = {isa = PBXFileReference; lastKnownFileType = sourcecode.swift; path = SelectRegionViewModel.swift; sourceTree = "<group>"; };
		DE4C5F6D27CFAE1E0026F434 /* SelectRegionItem.swift */ = {isa = PBXFileReference; lastKnownFileType = sourcecode.swift; path = SelectRegionItem.swift; sourceTree = "<group>"; };
		DE4C5F6F27CFB10C0026F434 /* CenterRow.swift */ = {isa = PBXFileReference; lastKnownFileType = sourcecode.swift; path = CenterRow.swift; sourceTree = "<group>"; };
		DE4C5F7127CFB2C30026F434 /* CenterList.swift */ = {isa = PBXFileReference; lastKnownFileType = sourcecode.swift; path = CenterList.swift; sourceTree = "<group>"; };
		DE4C5F7627CFB5D20026F434 /* MapView.swift */ = {isa = PBXFileReference; lastKnownFileType = sourcecode.swift; path = MapView.swift; sourceTree = "<group>"; };
		DE52218127CFBA8100ADDB16 /* CenterDetailView.swift */ = {isa = PBXFileReference; lastKnownFileType = sourcecode.swift; path = CenterDetailView.swift; sourceTree = "<group>"; };
/* End PBXFileReference section */

/* Begin PBXFrameworksBuildPhase section */
		DE4C5F4A27CFA6320026F434 /* Frameworks */ = {
			isa = PBXFrameworksBuildPhase;
			buildActionMask = 2147483647;
			files = (
			);
			runOnlyForDeploymentPostprocessing = 0;
		};
/* End PBXFrameworksBuildPhase section */

/* Begin PBXGroup section */
		DE4C5F4427CFA6310026F434 = {
			isa = PBXGroup;
			children = (
				DE4C5F4F27CFA6320026F434 /* FindCoronaCenter */,
				DE4C5F4E27CFA6320026F434 /* Products */,
			);
			sourceTree = "<group>";
		};
		DE4C5F4E27CFA6320026F434 /* Products */ = {
			isa = PBXGroup;
			children = (
				DE4C5F4D27CFA6320026F434 /* FindCoronaCenter.app */,
			);
			name = Products;
			sourceTree = "<group>";
		};
		DE4C5F4F27CFA6320026F434 /* FindCoronaCenter */ = {
			isa = PBXGroup;
			children = (
				DE4C5F6527CFA8360026F434 /* Network */,
				DE4C5F5E27CFA6500026F434 /* Entities */,
				DE4C5F6C27CFADDE0026F434 /* View */,
				DE4C5F5027CFA6320026F434 /* FindCoronaCenterApp.swift */,
				DE4C5F5227CFA6320026F434 /* ContentView.swift */,
				DE4C5F5427CFA6340026F434 /* Assets.xcassets */,
				DE4C5F5627CFA6340026F434 /* Preview Content */,
			);
			path = FindCoronaCenter;
			sourceTree = "<group>";
		};
		DE4C5F5627CFA6340026F434 /* Preview Content */ = {
			isa = PBXGroup;
			children = (
				DE4C5F5727CFA6340026F434 /* Preview Assets.xcassets */,
			);
			path = "Preview Content";
			sourceTree = "<group>";
		};
		DE4C5F5E27CFA6500026F434 /* Entities */ = {
			isa = PBXGroup;
			children = (
				DE4C5F5F27CFA66E0026F434 /* CenterAPIResponse.swift */,
				DE4C5F6127CFA68A0026F434 /* Center.swift */,
			);
			path = Entities;
			sourceTree = "<group>";
		};
		DE4C5F6527CFA8360026F434 /* Network */ = {
			isa = PBXGroup;
			children = (
				DE4C5F6327CFA8280026F434 /* CenterAPI.swift */,
				DE4C5F6627CFA9740026F434 /* CenterNetwork.swift */,
			);
			path = Network;
			sourceTree = "<group>";
		};
		DE4C5F6C27CFADDE0026F434 /* View */ = {
			isa = PBXGroup;
			children = (
				DE52218027CFBA7400ADDB16 /* DetailView */,
				DE4C5F7427CFB5C10026F434 /* CenterView */,
				DE4C5F7327CFB5AF0026F434 /* SelectRegionView */,
			);
			path = View;
			sourceTree = "<group>";
		};
		DE4C5F7327CFB5AF0026F434 /* SelectRegionView */ = {
			isa = PBXGroup;
			children = (
				DE4C5F6827CFAC8B0026F434 /* SelectRegionView.swift */,
				DE4C5F6A27CFAC960026F434 /* SelectRegionViewModel.swift */,
				DE4C5F6D27CFAE1E0026F434 /* SelectRegionItem.swift */,
			);
			path = SelectRegionView;
			sourceTree = "<group>";
		};
		DE4C5F7427CFB5C10026F434 /* CenterView */ = {
			isa = PBXGroup;
			children = (
				DE4C5F6F27CFB10C0026F434 /* CenterRow.swift */,
				DE4C5F7127CFB2C30026F434 /* CenterList.swift */,
			);
			path = CenterView;
			sourceTree = "<group>";
		};
		DE52218027CFBA7400ADDB16 /* DetailView */ = {
			isa = PBXGroup;
			children = (
				DE4C5F7627CFB5D20026F434 /* MapView.swift */,
				DE52218127CFBA8100ADDB16 /* CenterDetailView.swift */,
			);
			path = DetailView;
			sourceTree = "<group>";
		};
/* End PBXGroup section */

/* Begin PBXNativeTarget section */
		DE4C5F4C27CFA6320026F434 /* FindCoronaCenter */ = {
			isa = PBXNativeTarget;
			buildConfigurationList = DE4C5F5B27CFA6340026F434 /* Build configuration list for PBXNativeTarget "FindCoronaCenter" */;
			buildPhases = (
				DE4C5F4927CFA6320026F434 /* Sources */,
				DE4C5F4A27CFA6320026F434 /* Frameworks */,
				DE4C5F4B27CFA6320026F434 /* Resources */,
			);
			buildRules = (
			);
			dependencies = (
			);
			name = FindCoronaCenter;
			productName = FindCoronaCenter;
			productReference = DE4C5F4D27CFA6320026F434 /* FindCoronaCenter.app */;
			productType = "com.apple.product-type.application";
		};
/* End PBXNativeTarget section */

/* Begin PBXProject section */
		DE4C5F4527CFA6310026F434 /* Project object */ = {
			isa = PBXProject;
			attributes = {
				BuildIndependentTargetsInParallel = 1;
				LastSwiftUpdateCheck = 1320;
				LastUpgradeCheck = 1320;
				TargetAttributes = {
					DE4C5F4C27CFA6320026F434 = {
						CreatedOnToolsVersion = 13.2.1;
					};
				};
			};
			buildConfigurationList = DE4C5F4827CFA6320026F434 /* Build configuration list for PBXProject "FindCoronaCenter" */;
			compatibilityVersion = "Xcode 13.0";
			developmentRegion = en;
			hasScannedForEncodings = 0;
			knownRegions = (
				en,
				Base,
			);
			mainGroup = DE4C5F4427CFA6310026F434;
			productRefGroup = DE4C5F4E27CFA6320026F434 /* Products */;
			projectDirPath = "";
			projectRoot = "";
			targets = (
				DE4C5F4C27CFA6320026F434 /* FindCoronaCenter */,
			);
		};
/* End PBXProject section */

/* Begin PBXResourcesBuildPhase section */
		DE4C5F4B27CFA6320026F434 /* Resources */ = {
			isa = PBXResourcesBuildPhase;
			buildActionMask = 2147483647;
			files = (
				DE4C5F5827CFA6340026F434 /* Preview Assets.xcassets in Resources */,
				DE4C5F5527CFA6340026F434 /* Assets.xcassets in Resources */,
			);
			runOnlyForDeploymentPostprocessing = 0;
		};
/* End PBXResourcesBuildPhase section */

/* Begin PBXSourcesBuildPhase section */
		DE4C5F4927CFA6320026F434 /* Sources */ = {
			isa = PBXSourcesBuildPhase;
			buildActionMask = 2147483647;
			files = (
				DE4C5F6227CFA68A0026F434 /* Center.swift in Sources */,
				DE4C5F7727CFB5D20026F434 /* MapView.swift in Sources */,
				DE4C5F6E27CFAE1E0026F434 /* SelectRegionItem.swift in Sources */,
				DE4C5F7227CFB2C30026F434 /* CenterList.swift in Sources */,
				DE4C5F6727CFA9740026F434 /* CenterNetwork.swift in Sources */,
				DE52218227CFBA8100ADDB16 /* CenterDetailView.swift in Sources */,
				DE4C5F7027CFB10C0026F434 /* CenterRow.swift in Sources */,
				DE4C5F6427CFA8280026F434 /* CenterAPI.swift in Sources */,
				DE4C5F5327CFA6320026F434 /* ContentView.swift in Sources */,
				DE4C5F6927CFAC8B0026F434 /* SelectRegionView.swift in Sources */,
				DE4C5F6027CFA66E0026F434 /* CenterAPIResponse.swift in Sources */,
				DE4C5F6B27CFAC960026F434 /* SelectRegionViewModel.swift in Sources */,
				DE4C5F5127CFA6320026F434 /* FindCoronaCenterApp.swift in Sources */,
			);
			runOnlyForDeploymentPostprocessing = 0;
		};
/* End PBXSourcesBuildPhase section */

/* Begin XCBuildConfiguration section */
		DE4C5F5927CFA6340026F434 /* Debug */ = {
			isa = XCBuildConfiguration;
			buildSettings = {
				ALWAYS_SEARCH_USER_PATHS = NO;
				CLANG_ANALYZER_NONNULL = YES;
				CLANG_ANALYZER_NUMBER_OBJECT_CONVERSION = YES_AGGRESSIVE;
				CLANG_CXX_LANGUAGE_STANDARD = "gnu++17";
				CLANG_CXX_LIBRARY = "libc++";
				CLANG_ENABLE_MODULES = YES;
				CLANG_ENABLE_OBJC_ARC = YES;
				CLANG_ENABLE_OBJC_WEAK = YES;
				CLANG_WARN_BLOCK_CAPTURE_AUTORELEASING = YES;
				CLANG_WARN_BOOL_CONVERSION = YES;
				CLANG_WARN_COMMA = YES;
				CLANG_WARN_CONSTANT_CONVERSION = YES;
				CLANG_WARN_DEPRECATED_OBJC_IMPLEMENTATIONS = YES;
				CLANG_WARN_DIRECT_OBJC_ISA_USAGE = YES_ERROR;
				CLANG_WARN_DOCUMENTATION_COMMENTS = YES;
				CLANG_WARN_EMPTY_BODY = YES;
				CLANG_WARN_ENUM_CONVERSION = YES;
				CLANG_WARN_INFINITE_RECURSION = YES;
				CLANG_WARN_INT_CONVERSION = YES;
				CLANG_WARN_NON_LITERAL_NULL_CONVERSION = YES;
				CLANG_WARN_OBJC_IMPLICIT_RETAIN_SELF = YES;
				CLANG_WARN_OBJC_LITERAL_CONVERSION = YES;
				CLANG_WARN_OBJC_ROOT_CLASS = YES_ERROR;
				CLANG_WARN_QUOTED_INCLUDE_IN_FRAMEWORK_HEADER = YES;
				CLANG_WARN_RANGE_LOOP_ANALYSIS = YES;
				CLANG_WARN_STRICT_PROTOTYPES = YES;
				CLANG_WARN_SUSPICIOUS_MOVE = YES;
				CLANG_WARN_UNGUARDED_AVAILABILITY = YES_AGGRESSIVE;
				CLANG_WARN_UNREACHABLE_CODE = YES;
				CLANG_WARN__DUPLICATE_METHOD_MATCH = YES;
				COPY_PHASE_STRIP = NO;
				DEBUG_INFORMATION_FORMAT = dwarf;
				ENABLE_STRICT_OBJC_MSGSEND = YES;
				ENABLE_TESTABILITY = YES;
				GCC_C_LANGUAGE_STANDARD = gnu11;
				GCC_DYNAMIC_NO_PIC = NO;
				GCC_NO_COMMON_BLOCKS = YES;
				GCC_OPTIMIZATION_LEVEL = 0;
				GCC_PREPROCESSOR_DEFINITIONS = (
					"DEBUG=1",
					"$(inherited)",
				);
				GCC_WARN_64_TO_32_BIT_CONVERSION = YES;
				GCC_WARN_ABOUT_RETURN_TYPE = YES_ERROR;
				GCC_WARN_UNDECLARED_SELECTOR = YES;
				GCC_WARN_UNINITIALIZED_AUTOS = YES_AGGRESSIVE;
				GCC_WARN_UNUSED_FUNCTION = YES;
				GCC_WARN_UNUSED_VARIABLE = YES;
				IPHONEOS_DEPLOYMENT_TARGET = 15.2;
				MTL_ENABLE_DEBUG_INFO = INCLUDE_SOURCE;
				MTL_FAST_MATH = YES;
				ONLY_ACTIVE_ARCH = YES;
				SDKROOT = iphoneos;
				SWIFT_ACTIVE_COMPILATION_CONDITIONS = DEBUG;
				SWIFT_OPTIMIZATION_LEVEL = "-Onone";
			};
			name = Debug;
		};
		DE4C5F5A27CFA6340026F434 /* Release */ = {
			isa = XCBuildConfiguration;
			buildSettings = {
				ALWAYS_SEARCH_USER_PATHS = NO;
				CLANG_ANALYZER_NONNULL = YES;
				CLANG_ANALYZER_NUMBER_OBJECT_CONVERSION = YES_AGGRESSIVE;
				CLANG_CXX_LANGUAGE_STANDARD = "gnu++17";
				CLANG_CXX_LIBRARY = "libc++";
				CLANG_ENABLE_MODULES = YES;
				CLANG_ENABLE_OBJC_ARC = YES;
				CLANG_ENABLE_OBJC_WEAK = YES;
				CLANG_WARN_BLOCK_CAPTURE_AUTORELEASING = YES;
				CLANG_WARN_BOOL_CONVERSION = YES;
				CLANG_WARN_COMMA = YES;
				CLANG_WARN_CONSTANT_CONVERSION = YES;
				CLANG_WARN_DEPRECATED_OBJC_IMPLEMENTATIONS = YES;
				CLANG_WARN_DIRECT_OBJC_ISA_USAGE = YES_ERROR;
				CLANG_WARN_DOCUMENTATION_COMMENTS = YES;
				CLANG_WARN_EMPTY_BODY = YES;
				CLANG_WARN_ENUM_CONVERSION = YES;
				CLANG_WARN_INFINITE_RECURSION = YES;
				CLANG_WARN_INT_CONVERSION = YES;
				CLANG_WARN_NON_LITERAL_NULL_CONVERSION = YES;
				CLANG_WARN_OBJC_IMPLICIT_RETAIN_SELF = YES;
				CLANG_WARN_OBJC_LITERAL_CONVERSION = YES;
				CLANG_WARN_OBJC_ROOT_CLASS = YES_ERROR;
				CLANG_WARN_QUOTED_INCLUDE_IN_FRAMEWORK_HEADER = YES;
				CLANG_WARN_RANGE_LOOP_ANALYSIS = YES;
				CLANG_WARN_STRICT_PROTOTYPES = YES;
				CLANG_WARN_SUSPICIOUS_MOVE = YES;
				CLANG_WARN_UNGUARDED_AVAILABILITY = YES_AGGRESSIVE;
				CLANG_WARN_UNREACHABLE_CODE = YES;
				CLANG_WARN__DUPLICATE_METHOD_MATCH = YES;
				COPY_PHASE_STRIP = NO;
				DEBUG_INFORMATION_FORMAT = "dwarf-with-dsym";
				ENABLE_NS_ASSERTIONS = NO;
				ENABLE_STRICT_OBJC_MSGSEND = YES;
				GCC_C_LANGUAGE_STANDARD = gnu11;
				GCC_NO_COMMON_BLOCKS = YES;
				GCC_WARN_64_TO_32_BIT_CONVERSION = YES;
				GCC_WARN_ABOUT_RETURN_TYPE = YES_ERROR;
				GCC_WARN_UNDECLARED_SELECTOR = YES;
				GCC_WARN_UNINITIALIZED_AUTOS = YES_AGGRESSIVE;
				GCC_WARN_UNUSED_FUNCTION = YES;
				GCC_WARN_UNUSED_VARIABLE = YES;
				IPHONEOS_DEPLOYMENT_TARGET = 15.2;
				MTL_ENABLE_DEBUG_INFO = NO;
				MTL_FAST_MATH = YES;
				SDKROOT = iphoneos;
				SWIFT_COMPILATION_MODE = wholemodule;
				SWIFT_OPTIMIZATION_LEVEL = "-O";
				VALIDATE_PRODUCT = YES;
			};
			name = Release;
		};
		DE4C5F5C27CFA6340026F434 /* Debug */ = {
			isa = XCBuildConfiguration;
			buildSettings = {
				ASSETCATALOG_COMPILER_APPICON_NAME = AppIcon;
				ASSETCATALOG_COMPILER_GLOBAL_ACCENT_COLOR_NAME = AccentColor;
				CODE_SIGN_STYLE = Automatic;
				CURRENT_PROJECT_VERSION = 1;
				DEVELOPMENT_ASSET_PATHS = "\"FindCoronaCenter/Preview Content\"";
				DEVELOPMENT_TEAM = J74H985T9L;
				ENABLE_PREVIEWS = YES;
				GENERATE_INFOPLIST_FILE = YES;
				INFOPLIST_KEY_UIApplicationSceneManifest_Generation = YES;
				INFOPLIST_KEY_UIApplicationSupportsIndirectInputEvents = YES;
				INFOPLIST_KEY_UILaunchScreen_Generation = YES;
				INFOPLIST_KEY_UISupportedInterfaceOrientations_iPad = "UIInterfaceOrientationPortrait UIInterfaceOrientationPortraitUpsideDown UIInterfaceOrientationLandscapeLeft UIInterfaceOrientationLandscapeRight";
				INFOPLIST_KEY_UISupportedInterfaceOrientations_iPhone = "UIInterfaceOrientationPortrait UIInterfaceOrientationLandscapeLeft UIInterfaceOrientationLandscapeRight";
				IPHONEOS_DEPLOYMENT_TARGET = 15.2;
				LD_RUNPATH_SEARCH_PATHS = (
					"$(inherited)",
					"@executable_path/Frameworks",
				);
				MARKETING_VERSION = 1.0;
				PRODUCT_BUNDLE_IDENTIFIER = com.terry.FindCoronaCenter;
				PRODUCT_NAME = "$(TARGET_NAME)";
				SWIFT_EMIT_LOC_STRINGS = YES;
				SWIFT_VERSION = 5.0;
				TARGETED_DEVICE_FAMILY = "1,2";
			};
			name = Debug;
		};
		DE4C5F5D27CFA6340026F434 /* Release */ = {
			isa = XCBuildConfiguration;
			buildSettings = {
				ASSETCATALOG_COMPILER_APPICON_NAME = AppIcon;
				ASSETCATALOG_COMPILER_GLOBAL_ACCENT_COLOR_NAME = AccentColor;
				CODE_SIGN_STYLE = Automatic;
				CURRENT_PROJECT_VERSION = 1;
				DEVELOPMENT_ASSET_PATHS = "\"FindCoronaCenter/Preview Content\"";
				DEVELOPMENT_TEAM = J74H985T9L;
				ENABLE_PREVIEWS = YES;
				GENERATE_INFOPLIST_FILE = YES;
				INFOPLIST_KEY_UIApplicationSceneManifest_Generation = YES;
				INFOPLIST_KEY_UIApplicationSupportsIndirectInputEvents = YES;
				INFOPLIST_KEY_UILaunchScreen_Generation = YES;
				INFOPLIST_KEY_UISupportedInterfaceOrientations_iPad = "UIInterfaceOrientationPortrait UIInterfaceOrientationPortraitUpsideDown UIInterfaceOrientationLandscapeLeft UIInterfaceOrientationLandscapeRight";
				INFOPLIST_KEY_UISupportedInterfaceOrientations_iPhone = "UIInterfaceOrientationPortrait UIInterfaceOrientationLandscapeLeft UIInterfaceOrientationLandscapeRight";
				IPHONEOS_DEPLOYMENT_TARGET = 15.2;
				LD_RUNPATH_SEARCH_PATHS = (
					"$(inherited)",
					"@executable_path/Frameworks",
				);
				MARKETING_VERSION = 1.0;
				PRODUCT_BUNDLE_IDENTIFIER = com.terry.FindCoronaCenter;
				PRODUCT_NAME = "$(TARGET_NAME)";
				SWIFT_EMIT_LOC_STRINGS = YES;
				SWIFT_VERSION = 5.0;
				TARGETED_DEVICE_FAMILY = "1,2";
			};
			name = Release;
		};
/* End XCBuildConfiguration section */

/* Begin XCConfigurationList section */
		DE4C5F4827CFA6320026F434 /* Build configuration list for PBXProject "FindCoronaCenter" */ = {
			isa = XCConfigurationList;
			buildConfigurations = (
				DE4C5F5927CFA6340026F434 /* Debug */,
				DE4C5F5A27CFA6340026F434 /* Release */,
			);
			defaultConfigurationIsVisible = 0;
			defaultConfigurationName = Release;
		};
		DE4C5F5B27CFA6340026F434 /* Build configuration list for PBXNativeTarget "FindCoronaCenter" */ = {
			isa = XCConfigurationList;
			buildConfigurations = (
				DE4C5F5C27CFA6340026F434 /* Debug */,
				DE4C5F5D27CFA6340026F434 /* Release */,
			);
			defaultConfigurationIsVisible = 0;
			defaultConfigurationName = Release;
		};
/* End XCConfigurationList section */
	};
	rootObject = DE4C5F4527CFA6310026F434 /* Project object */;
}
